
Microsoft Visual Studio Solution File, Format Version 12.00
Project("{FAE04EC0-301F-11D3-BF4B-00C04F79EFBC}") = "ERLC", "ERLC\ERLC.csproj", "{AA8B5799-741F-4DF4-BB67-8E69503618BA}"
EndProject
Global
	GlobalSection(SolutionConfigurationPlatforms) = preSolution
		Debug|Any CPU = Debug|Any CPU
		Release|Any CPU = Release|Any CPU
	EndGlobalSection
	GlobalSection(ProjectConfigurationPlatforms) = postSolution
		{AA8B5799-741F-4DF4-BB67-8E69503618BA}.Debug|Any CPU.ActiveCfg = Debug|Any CPU
		{AA8B5799-741F-4DF4-BB67-8E69503618BA}.Debug|Any CPU.Build.0 = Debug|Any CPU
		{AA8B5799-741F-4DF4-BB67-8E69503618BA}.Release|Any CPU.ActiveCfg = Release|Any CPU
		{AA8B5799-741F-4DF4-BB67-8E69503618BA}.Release|Any CPU.Build.0 = Release|Any CPU
		{AA8B5799-741F-4DF4-BB67-8E69503618BA}.Release|Any CPU.Deploy.0 = Release|Any CPU
	EndGlobalSection
EndGlobal
